
Microsoft Visual Studio Solution File, Format Version 12.00
# Visual Studio 14
VisualStudioVersion = 14.0.25420.1
MinimumVisualStudioVersion = 10.0.40219.1
Project("{FAE04EC0-301F-11D3-BF4B-00C04F79EFBC}") = "KnowMyneighbour", "KnowMyneighbour\KnowMyneighbour.csproj", "{A2557FC8-9D41-48B8-8358-FDB7762FDD62}"
EndProject
Project("{FAE04EC0-301F-11D3-BF4B-00C04F79EFBC}") = "KnowMyneighbour.Logic", "KnowMyneighbour.Logic\KnowMyneighbour.Logic.csproj", "{6EAE090D-EF98-4E6A-89E6-E60DACD334A1}"
EndProject
Project("{FAE04EC0-301F-11D3-BF4B-00C04F79EFBC}") = "KnowMyNeighbour.Tests", "KnowMyNeighbour.Tests\KnowMyNeighbour.Tests.csproj", "{1C12630D-31BD-4D8C-AA95-8AB200D7224F}"
EndProject
Global
	GlobalSection(SolutionConfigurationPlatforms) = preSolution
		Debug|Any CPU = Debug|Any CPU
		Release|Any CPU = Release|Any CPU
	EndGlobalSection
	GlobalSection(ProjectConfigurationPlatforms) = postSolution
		{A2557FC8-9D41-48B8-8358-FDB7762FDD62}.Debug|Any CPU.ActiveCfg = Debug|Any CPU
		{A2557FC8-9D41-48B8-8358-FDB7762FDD62}.Debug|Any CPU.Build.0 = Debug|Any CPU
		{A2557FC8-9D41-48B8-8358-FDB7762FDD62}.Release|Any CPU.ActiveCfg = Release|Any CPU
		{A2557FC8-9D41-48B8-8358-FDB7762FDD62}.Release|Any CPU.Build.0 = Release|Any CPU
		{6EAE090D-EF98-4E6A-89E6-E60DACD334A1}.Debug|Any CPU.ActiveCfg = Debug|Any CPU
		{6EAE090D-EF98-4E6A-89E6-E60DACD334A1}.Debug|Any CPU.Build.0 = Debug|Any CPU
		{6EAE090D-EF98-4E6A-89E6-E60DACD334A1}.Release|Any CPU.ActiveCfg = Release|Any CPU
		{6EAE090D-EF98-4E6A-89E6-E60DACD334A1}.Release|Any CPU.Build.0 = Release|Any CPU
		{1C12630D-31BD-4D8C-AA95-8AB200D7224F}.Debug|Any CPU.ActiveCfg = Debug|Any CPU
		{1C12630D-31BD-4D8C-AA95-8AB200D7224F}.Debug|Any CPU.Build.0 = Debug|Any CPU
		{1C12630D-31BD-4D8C-AA95-8AB200D7224F}.Release|Any CPU.ActiveCfg = Release|Any CPU
		{1C12630D-31BD-4D8C-AA95-8AB200D7224F}.Release|Any CPU.Build.0 = Release|Any CPU
	EndGlobalSection
	GlobalSection(SolutionProperties) = preSolution
		HideSolutionNode = FALSE
	EndGlobalSection
EndGlobal
